
Microsoft Visual Studio Solution File, Format Version 12.00
# Visual Studio Version 16
VisualStudioVersion = 16.0.31702.278
MinimumVisualStudioVersion = 10.0.40219.1
Project("{FAE04EC0-301F-11D3-BF4B-00C04F79EFBC}") = "EsoTargs", "EsoTargs\EsoTargs.csproj", "{54B58700-C994-4477-8296-A340DC31F626}"
EndProject
Global
	GlobalSection(SolutionConfigurationPlatforms) = preSolution
		Debug|Any CPU = Debug|Any CPU
		Release|Any CPU = Release|Any CPU
	EndGlobalSection
	GlobalSection(ProjectConfigurationPlatforms) = postSolution
		{54B58700-C994-4477-8296-A340DC31F626}.Debug|Any CPU.ActiveCfg = Debug|Any CPU
		{54B58700-C994-4477-8296-A340DC31F626}.Debug|Any CPU.Build.0 = Debug|Any CPU
		{54B58700-C994-4477-8296-A340DC31F626}.Release|Any CPU.ActiveCfg = Release|Any CPU
		{54B58700-C994-4477-8296-A340DC31F626}.Release|Any CPU.Build.0 = Release|Any CPU
	EndGlobalSection
	GlobalSection(SolutionProperties) = preSolution
		HideSolutionNode = FALSE
	EndGlobalSection
	GlobalSection(ExtensibilityGlobals) = postSolution
		SolutionGuid = {80EA562C-F266-4FA9-BE24-DA55EDC8EA38}
	EndGlobalSection
EndGlobal
